{
  "originHash" : "6affc075064d7530eb4f6d475897a6a1c45afbf0da60b76c87760f0c6e65816d",
  "pins" : [
    {
      "identity" : "core",
      "kind" : "remoteSourceControl",
      "location" : "https://github.com/TsubameApp/Core.git",
      "state" : {
        "branch" : "main",
        "revision" : "febb4f21f024eaf896e8e151f6c6047ea93485ea"
      }
    }
  ],
  "version" : 3
}
